
Microsoft Visual Studio Solution File, Format Version 12.00
# Visual Studio Version 16
VisualStudioVersion = 16.0.30517.126
MinimumVisualStudioVersion = 10.0.40219.1
Project("{FAE04EC0-301F-11D3-BF4B-00C04F79EFBC}") = "taskEnd", "taskEnd\taskEnd.csproj", "{D773EAA7-F8EB-4E61-AFD7-191CA4D0F428}"
EndProject
Global
	GlobalSection(SolutionConfigurationPlatforms) = preSolution
		Debug|Any CPU = Debug|Any CPU
		Release|Any CPU = Release|Any CPU
	EndGlobalSection
	GlobalSection(ProjectConfigurationPlatforms) = postSolution
		{D773EAA7-F8EB-4E61-AFD7-191CA4D0F428}.Debug|Any CPU.ActiveCfg = Debug|Any CPU
		{D773EAA7-F8EB-4E61-AFD7-191CA4D0F428}.Debug|Any CPU.Build.0 = Debug|Any CPU
		{D773EAA7-F8EB-4E61-AFD7-191CA4D0F428}.Release|Any CPU.ActiveCfg = Release|Any CPU
		{D773EAA7-F8EB-4E61-AFD7-191CA4D0F428}.Release|Any CPU.Build.0 = Release|Any CPU
	EndGlobalSection
	GlobalSection(SolutionProperties) = preSolution
		HideSolutionNode = FALSE
	EndGlobalSection
	GlobalSection(ExtensibilityGlobals) = postSolution
		SolutionGuid = {4AD80E80-A7D4-4E9A-8499-4AF642AFE5B3}
	EndGlobalSection
EndGlobal
